
Microsoft Visual Studio Solution File, Format Version 12.00
# Visual Studio Version 17
VisualStudioVersion = 17.0.31903.59
MinimumVisualStudioVersion = 10.0.40219.1
Project("{2150E333-8FDC-42A3-9474-1A3956D46DE8}") = "managed", "managed", "{858B0C06-7E4E-4D3E-83D8-E4298E25B677}"
EndProject
Project("{FAE04EC0-301F-11D3-BF4B-00C04F79EFBC}") = "example", "managed\example\example.csproj", "{C61E993D-A072-4CA1-8473-3B0231E87472}"
EndProject
Project("{FAE04EC0-301F-11D3-BF4B-00C04F79EFBC}") = "explorer_demo", "managed\explorer_demo\explorer_demo.csproj", "{96E17883-DCE2-4037-9F45-C22110A0800B}"
EndProject
Project("{FAE04EC0-301F-11D3-BF4B-00C04F79EFBC}") = "pad_input", "managed\pad_input\pad_input.csproj", "{31541F81-1430-4DE4-84D4-EA8FB86815DB}"
EndProject
Project("{2150E333-8FDC-42A3-9474-1A3956D46DE8}") = "native", "native", "{A6DDEDF8-AB6D-4F2C-8DFC-506A9FD5B371}"
EndProject
Project("{2150E333-8FDC-42A3-9474-1A3956D46DE8}") = "aot", "aot", "{E5274850-A197-421D-885E-1C61F5AB59B4}"
EndProject
Project("{FAE04EC0-301F-11D3-BF4B-00C04F79EFBC}") = "program", "native\aot\managed\program.csproj", "{8698796E-A13A-4FB8-951D-0BB4A44AE029}"
EndProject
Project("{2150E333-8FDC-42A3-9474-1A3956D46DE8}") = "test_runner", "test_runner", "{E25E3BBA-0539-4859-1E2E-0BB9D7B17BEB}"
EndProject
Project("{FAE04EC0-301F-11D3-BF4B-00C04F79EFBC}") = "test_runner", "managed\test_runner\test_runner\test_runner.csproj", "{B3599281-D42D-488E-8386-F885B4C516ED}"
EndProject
Project("{2150E333-8FDC-42A3-9474-1A3956D46DE8}") = "xharness", "xharness", "{24C2D540-80BB-DD6E-C0D9-1FD02F27B623}"
EndProject
Project("{2150E333-8FDC-42A3-9474-1A3956D46DE8}") = "src", "src", "{96680AC1-8A4C-EC49-20A1-AA1B52EFF5FF}"
EndProject
Project("{FAE04EC0-301F-11D3-BF4B-00C04F79EFBC}") = "Microsoft.DotNet.XHarness.TestRunners.Xunit", "managed\test_runner\xharness\src\Microsoft.DotNet.XHarness.TestRunners.Xunit\Microsoft.DotNet.XHarness.TestRunners.Xunit.csproj", "{FF5FCEF3-D290-4FEE-B551-20F871FCC267}"
EndProject
Project("{FAE04EC0-301F-11D3-BF4B-00C04F79EFBC}") = "Microsoft.DotNet.XHarness.TestRunners.Common", "managed\test_runner\xharness\src\Microsoft.DotNet.XHarness.TestRunners.Common\Microsoft.DotNet.XHarness.TestRunners.Common.csproj", "{1CB7E5C4-A8A6-47B6-9A34-0B69A3428044}"
EndProject
Global
	GlobalSection(SolutionConfigurationPlatforms) = preSolution
		Debug|Any CPU = Debug|Any CPU
		Debug|x64 = Debug|x64
		Debug|x86 = Debug|x86
		Release|Any CPU = Release|Any CPU
		Release|x64 = Release|x64
		Release|x86 = Release|x86
	EndGlobalSection
	GlobalSection(ProjectConfigurationPlatforms) = postSolution
		{C61E993D-A072-4CA1-8473-3B0231E87472}.Debug|Any CPU.ActiveCfg = Debug|Any CPU
		{C61E993D-A072-4CA1-8473-3B0231E87472}.Debug|Any CPU.Build.0 = Debug|Any CPU
		{C61E993D-A072-4CA1-8473-3B0231E87472}.Debug|x64.ActiveCfg = Debug|Any CPU
		{C61E993D-A072-4CA1-8473-3B0231E87472}.Debug|x64.Build.0 = Debug|Any CPU
		{C61E993D-A072-4CA1-8473-3B0231E87472}.Debug|x86.ActiveCfg = Debug|Any CPU
		{C61E993D-A072-4CA1-8473-3B0231E87472}.Debug|x86.Build.0 = Debug|Any CPU
		{C61E993D-A072-4CA1-8473-3B0231E87472}.Release|Any CPU.ActiveCfg = Release|Any CPU
		{C61E993D-A072-4CA1-8473-3B0231E87472}.Release|Any CPU.Build.0 = Release|Any CPU
		{C61E993D-A072-4CA1-8473-3B0231E87472}.Release|x64.ActiveCfg = Release|Any CPU
		{C61E993D-A072-4CA1-8473-3B0231E87472}.Release|x64.Build.0 = Release|Any CPU
		{C61E993D-A072-4CA1-8473-3B0231E87472}.Release|x86.ActiveCfg = Release|Any CPU
		{C61E993D-A072-4CA1-8473-3B0231E87472}.Release|x86.Build.0 = Release|Any CPU
		{96E17883-DCE2-4037-9F45-C22110A0800B}.Debug|Any CPU.ActiveCfg = Debug|Any CPU
		{96E17883-DCE2-4037-9F45-C22110A0800B}.Debug|Any CPU.Build.0 = Debug|Any CPU
		{96E17883-DCE2-4037-9F45-C22110A0800B}.Debug|x64.ActiveCfg = Debug|Any CPU
		{96E17883-DCE2-4037-9F45-C22110A0800B}.Debug|x64.Build.0 = Debug|Any CPU
		{96E17883-DCE2-4037-9F45-C22110A0800B}.Debug|x86.ActiveCfg = Debug|Any CPU
		{96E17883-DCE2-4037-9F45-C22110A0800B}.Debug|x86.Build.0 = Debug|Any CPU
		{96E17883-DCE2-4037-9F45-C22110A0800B}.Release|Any CPU.ActiveCfg = Release|Any CPU
		{96E17883-DCE2-4037-9F45-C22110A0800B}.Release|Any CPU.Build.0 = Release|Any CPU
		{96E17883-DCE2-4037-9F45-C22110A0800B}.Release|x64.ActiveCfg = Release|Any CPU
		{96E17883-DCE2-4037-9F45-C22110A0800B}.Release|x64.Build.0 = Release|Any CPU
		{96E17883-DCE2-4037-9F45-C22110A0800B}.Release|x86.ActiveCfg = Release|Any CPU
		{96E17883-DCE2-4037-9F45-C22110A0800B}.Release|x86.Build.0 = Release|Any CPU
		{31541F81-1430-4DE4-84D4-EA8FB86815DB}.Debug|Any CPU.ActiveCfg = Debug|Any CPU
		{31541F81-1430-4DE4-84D4-EA8FB86815DB}.Debug|Any CPU.Build.0 = Debug|Any CPU
		{31541F81-1430-4DE4-84D4-EA8FB86815DB}.Debug|x64.ActiveCfg = Debug|Any CPU
		{31541F81-1430-4DE4-84D4-EA8FB86815DB}.Debug|x64.Build.0 = Debug|Any CPU
		{31541F81-1430-4DE4-84D4-EA8FB86815DB}.Debug|x86.ActiveCfg = Debug|Any CPU
		{31541F81-1430-4DE4-84D4-EA8FB86815DB}.Debug|x86.Build.0 = Debug|Any CPU
		{31541F81-1430-4DE4-84D4-EA8FB86815DB}.Release|Any CPU.ActiveCfg = Release|Any CPU
		{31541F81-1430-4DE4-84D4-EA8FB86815DB}.Release|Any CPU.Build.0 = Release|Any CPU
		{31541F81-1430-4DE4-84D4-EA8FB86815DB}.Release|x64.ActiveCfg = Release|Any CPU
		{31541F81-1430-4DE4-84D4-EA8FB86815DB}.Release|x64.Build.0 = Release|Any CPU
		{31541F81-1430-4DE4-84D4-EA8FB86815DB}.Release|x86.ActiveCfg = Release|Any CPU
		{31541F81-1430-4DE4-84D4-EA8FB86815DB}.Release|x86.Build.0 = Release|Any CPU
		{8698796E-A13A-4FB8-951D-0BB4A44AE029}.Debug|Any CPU.ActiveCfg = Debug|Any CPU
		{8698796E-A13A-4FB8-951D-0BB4A44AE029}.Debug|Any CPU.Build.0 = Debug|Any CPU
		{8698796E-A13A-4FB8-951D-0BB4A44AE029}.Debug|x64.ActiveCfg = Debug|Any CPU
		{8698796E-A13A-4FB8-951D-0BB4A44AE029}.Debug|x64.Build.0 = Debug|Any CPU
		{8698796E-A13A-4FB8-951D-0BB4A44AE029}.Debug|x86.ActiveCfg = Debug|Any CPU
		{8698796E-A13A-4FB8-951D-0BB4A44AE029}.Debug|x86.Build.0 = Debug|Any CPU
		{8698796E-A13A-4FB8-951D-0BB4A44AE029}.Release|Any CPU.ActiveCfg = Release|Any CPU
		{8698796E-A13A-4FB8-951D-0BB4A44AE029}.Release|Any CPU.Build.0 = Release|Any CPU
		{8698796E-A13A-4FB8-951D-0BB4A44AE029}.Release|x64.ActiveCfg = Release|Any CPU
		{8698796E-A13A-4FB8-951D-0BB4A44AE029}.Release|x64.Build.0 = Release|Any CPU
		{8698796E-A13A-4FB8-951D-0BB4A44AE029}.Release|x86.ActiveCfg = Release|Any CPU
		{8698796E-A13A-4FB8-951D-0BB4A44AE029}.Release|x86.Build.0 = Release|Any CPU
		{B3599281-D42D-488E-8386-F885B4C516ED}.Debug|Any CPU.ActiveCfg = Debug|Any CPU
		{B3599281-D42D-488E-8386-F885B4C516ED}.Debug|Any CPU.Build.0 = Debug|Any CPU
		{B3599281-D42D-488E-8386-F885B4C516ED}.Debug|x64.ActiveCfg = Debug|Any CPU
		{B3599281-D42D-488E-8386-F885B4C516ED}.Debug|x64.Build.0 = Debug|Any CPU
		{B3599281-D42D-488E-8386-F885B4C516ED}.Debug|x86.ActiveCfg = Debug|Any CPU
		{B3599281-D42D-488E-8386-F885B4C516ED}.Debug|x86.Build.0 = Debug|Any CPU
		{B3599281-D42D-488E-8386-F885B4C516ED}.Release|Any CPU.ActiveCfg = Release|Any CPU
		{B3599281-D42D-488E-8386-F885B4C516ED}.Release|Any CPU.Build.0 = Release|Any CPU
		{B3599281-D42D-488E-8386-F885B4C516ED}.Release|x64.ActiveCfg = Release|Any CPU
		{B3599281-D42D-488E-8386-F885B4C516ED}.Release|x64.Build.0 = Release|Any CPU
		{B3599281-D42D-488E-8386-F885B4C516ED}.Release|x86.ActiveCfg = Release|Any CPU
		{B3599281-D42D-488E-8386-F885B4C516ED}.Release|x86.Build.0 = Release|Any CPU
		{FF5FCEF3-D290-4FEE-B551-20F871FCC267}.Debug|Any CPU.ActiveCfg = Debug|Any CPU
		{FF5FCEF3-D290-4FEE-B551-20F871FCC267}.Debug|Any CPU.Build.0 = Debug|Any CPU
		{FF5FCEF3-D290-4FEE-B551-20F871FCC267}.Debug|x64.ActiveCfg = Debug|Any CPU
		{FF5FCEF3-D290-4FEE-B551-20F871FCC267}.Debug|x64.Build.0 = Debug|Any CPU
		{FF5FCEF3-D290-4FEE-B551-20F871FCC267}.Debug|x86.ActiveCfg = Debug|Any CPU
		{FF5FCEF3-D290-4FEE-B551-20F871FCC267}.Debug|x86.Build.0 = Debug|Any CPU
		{FF5FCEF3-D290-4FEE-B551-20F871FCC267}.Release|Any CPU.ActiveCfg = Release|Any CPU
		{FF5FCEF3-D290-4FEE-B551-20F871FCC267}.Release|Any CPU.Build.0 = Release|Any CPU
		{FF5FCEF3-D290-4FEE-B551-20F871FCC267}.Release|x64.ActiveCfg = Release|Any CPU
		{FF5FCEF3-D290-4FEE-B551-20F871FCC267}.Release|x64.Build.0 = Release|Any CPU
		{FF5FCEF3-D290-4FEE-B551-20F871FCC267}.Release|x86.ActiveCfg = Release|Any CPU
		{FF5FCEF3-D290-4FEE-B551-20F871FCC267}.Release|x86.Build.0 = Release|Any CPU
		{1CB7E5C4-A8A6-47B6-9A34-0B69A3428044}.Debug|Any CPU.ActiveCfg = Debug|Any CPU
		{1CB7E5C4-A8A6-47B6-9A34-0B69A3428044}.Debug|Any CPU.Build.0 = Debug|Any CPU
		{1CB7E5C4-A8A6-47B6-9A34-0B69A3428044}.Debug|x64.ActiveCfg = Debug|Any CPU
		{1CB7E5C4-A8A6-47B6-9A34-0B69A3428044}.Debug|x64.Build.0 = Debug|Any CPU
		{1CB7E5C4-A8A6-47B6-9A34-0B69A3428044}.Debug|x86.ActiveCfg = Debug|Any CPU
		{1CB7E5C4-A8A6-47B6-9A34-0B69A3428044}.Debug|x86.Build.0 = Debug|Any CPU
		{1CB7E5C4-A8A6-47B6-9A34-0B69A3428044}.Release|Any CPU.ActiveCfg = Release|Any CPU
		{1CB7E5C4-A8A6-47B6-9A34-0B69A3428044}.Release|Any CPU.Build.0 = Release|Any CPU
		{1CB7E5C4-A8A6-47B6-9A34-0B69A3428044}.Release|x64.ActiveCfg = Release|Any CPU
		{1CB7E5C4-A8A6-47B6-9A34-0B69A3428044}.Release|x64.Build.0 = Release|Any CPU
		{1CB7E5C4-A8A6-47B6-9A34-0B69A3428044}.Release|x86.ActiveCfg = Release|Any CPU
		{1CB7E5C4-A8A6-47B6-9A34-0B69A3428044}.Release|x86.Build.0 = Release|Any CPU
	EndGlobalSection
	GlobalSection(SolutionProperties) = preSolution
		HideSolutionNode = FALSE
	EndGlobalSection
	GlobalSection(NestedProjects) = preSolution
		{C61E993D-A072-4CA1-8473-3B0231E87472} = {858B0C06-7E4E-4D3E-83D8-E4298E25B677}
		{96E17883-DCE2-4037-9F45-C22110A0800B} = {858B0C06-7E4E-4D3E-83D8-E4298E25B677}
		{31541F81-1430-4DE4-84D4-EA8FB86815DB} = {858B0C06-7E4E-4D3E-83D8-E4298E25B677}
		{E5274850-A197-421D-885E-1C61F5AB59B4} = {A6DDEDF8-AB6D-4F2C-8DFC-506A9FD5B371}
		{8698796E-A13A-4FB8-951D-0BB4A44AE029} = {E5274850-A197-421D-885E-1C61F5AB59B4}
		{E25E3BBA-0539-4859-1E2E-0BB9D7B17BEB} = {858B0C06-7E4E-4D3E-83D8-E4298E25B677}
		{B3599281-D42D-488E-8386-F885B4C516ED} = {E25E3BBA-0539-4859-1E2E-0BB9D7B17BEB}
		{24C2D540-80BB-DD6E-C0D9-1FD02F27B623} = {E25E3BBA-0539-4859-1E2E-0BB9D7B17BEB}
		{96680AC1-8A4C-EC49-20A1-AA1B52EFF5FF} = {24C2D540-80BB-DD6E-C0D9-1FD02F27B623}
		{FF5FCEF3-D290-4FEE-B551-20F871FCC267} = {96680AC1-8A4C-EC49-20A1-AA1B52EFF5FF}
		{1CB7E5C4-A8A6-47B6-9A34-0B69A3428044} = {96680AC1-8A4C-EC49-20A1-AA1B52EFF5FF}
	EndGlobalSection
EndGlobal
